
Microsoft Visual Studio Solution File, Format Version 12.00
# Visual Studio Version 17
VisualStudioVersion = 17.12.35527.113 d17.12
MinimumVisualStudioVersion = 10.0.40219.1
Project("{FAE04EC0-301F-11D3-BF4B-00C04F79EFBC}") = "EOD_RmCxoAndClientEmail", "EOD_RmCxoAndClientEmail\EOD_RmCxoAndClientEmail.csproj", "{6A164480-24AA-4F09-BE81-22BF5C5FF850}"
EndProject
Project("{FAE04EC0-301F-11D3-BF4B-00C04F79EFBC}") = "DataService", "DataService\DataService.csproj", "{06860AEA-D59C-42F9-8D63-9751D901298C}"
EndProject
Global
	GlobalSection(SolutionConfigurationPlatforms) = preSolution
		Debug|Any CPU = Debug|Any CPU
		Release|Any CPU = Release|Any CPU
	EndGlobalSection
	GlobalSection(ProjectConfigurationPlatforms) = postSolution
		{6A164480-24AA-4F09-BE81-22BF5C5FF850}.Debug|Any CPU.ActiveCfg = Debug|Any CPU
		{6A164480-24AA-4F09-BE81-22BF5C5FF850}.Debug|Any CPU.Build.0 = Debug|Any CPU
		{6A164480-24AA-4F09-BE81-22BF5C5FF850}.Release|Any CPU.ActiveCfg = Release|Any CPU
		{6A164480-24AA-4F09-BE81-22BF5C5FF850}.Release|Any CPU.Build.0 = Release|Any CPU
		{06860AEA-D59C-42F9-8D63-9751D901298C}.Debug|Any CPU.ActiveCfg = Debug|Any CPU
		{06860AEA-D59C-42F9-8D63-9751D901298C}.Debug|Any CPU.Build.0 = Debug|Any CPU
		{06860AEA-D59C-42F9-8D63-9751D901298C}.Release|Any CPU.ActiveCfg = Release|Any CPU
		{06860AEA-D59C-42F9-8D63-9751D901298C}.Release|Any CPU.Build.0 = Release|Any CPU
	EndGlobalSection
	GlobalSection(SolutionProperties) = preSolution
		HideSolutionNode = FALSE
	EndGlobalSection
EndGlobal
